// !$*UTF8*$!
{
	archiveVersion = 1;
	classes = {
	};
	objectVersion = 50;
	objects = {

/* Begin PBXBuildFile section */
		B157805E24D01A0600564BCE /* ObjCInspector.h in Headers */ = {isa = PBXBuildFile; fileRef = B157805D24D01A0600564BCE /* ObjCInspector.h */; };
		B157806024D01A0600564BCE /* ObjCInspector.m in Sources */ = {isa = PBXBuildFile; fileRef = B157805F24D01A0600564BCE /* ObjCInspector.m */; };
		B157806824D01AA900564BCE /* MachO.h in Headers */ = {isa = PBXBuildFile; fileRef = B157806624D01AA900564BCE /* MachO.h */; };
		B157806924D01AA900564BCE /* MachO.m in Sources */ = {isa = PBXBuildFile; fileRef = B157806724D01AA900564BCE /* MachO.m */; };
		B1B5853124D0AD1C00FDA462 /* KZRMethodSwizzlingWithBlock.h in Headers */ = {isa = PBXBuildFile; fileRef = B1B5853024D0AD1C00FDA462 /* KZRMethodSwizzlingWithBlock.h */; };
/* End PBXBuildFile section */

/* Begin PBXFileReference section */
		B157805A24D01A0600564BCE /* libObjCInspector.dylib */ = {isa = PBXFileReference; explicitFileType = "compiled.mach-o.dylib"; includeInIndex = 0; path = libObjCInspector.dylib; sourceTree = BUILT_PRODUCTS_DIR; };
		B157805D24D01A0600564BCE /* ObjCInspector.h */ = {isa = PBXFileReference; lastKnownFileType = sourcecode.c.h; path = ObjCInspector.h; sourceTree = "<group>"; };
		B157805F24D01A0600564BCE /* ObjCInspector.m */ = {isa = PBXFileReference; lastKnownFileType = sourcecode.c.objc; path = ObjCInspector.m; sourceTree = "<group>"; };
		B157806624D01AA900564BCE /* MachO.h */ = {isa = PBXFileReference; lastKnownFileType = sourcecode.c.h; path = MachO.h; sourceTree = "<group>"; };
		B157806724D01AA900564BCE /* MachO.m */ = {isa = PBXFileReference; lastKnownFileType = sourcecode.c.objc; path = MachO.m; sourceTree = "<group>"; };
		B1B5852F24D0A72D00FDA462 /* README.md */ = {isa = PBXFileReference; lastKnownFileType = net.daringfireball.markdown; path = README.md; sourceTree = "<group>"; };
		B1B5853024D0AD1C00FDA462 /* KZRMethodSwizzlingWithBlock.h */ = {isa = PBXFileReference; fileEncoding = 4; lastKnownFileType = sourcecode.c.h; path = KZRMethodSwizzlingWithBlock.h; sourceTree = "<group>"; };
/* End PBXFileReference section */

/* Begin PBXFrameworksBuildPhase section */
		B157805824D01A0600564BCE /* Frameworks */ = {
			isa = PBXFrameworksBuildPhase;
			buildActionMask = 2147483647;
			files = (
			);
			runOnlyForDeploymentPostprocessing = 0;
		};
/* End PBXFrameworksBuildPhase section */

/* Begin PBXGroup section */
		B157805124D01A0600564BCE = {
			isa = PBXGroup;
			children = (
				B1B5852F24D0A72D00FDA462 /* README.md */,
				B157805C24D01A0600564BCE /* ObjCInspector */,
				B157805B24D01A0600564BCE /* Products */,
			);
			sourceTree = "<group>";
		};
		B157805B24D01A0600564BCE /* Products */ = {
			isa = PBXGroup;
			children = (
				B157805A24D01A0600564BCE /* libObjCInspector.dylib */,
			);
			name = Products;
			sourceTree = "<group>";
		};
		B157805C24D01A0600564BCE /* ObjCInspector */ = {
			isa = PBXGroup;
			children = (
				B1B5853024D0AD1C00FDA462 /* KZRMethodSwizzlingWithBlock.h */,
				B157805D24D01A0600564BCE /* ObjCInspector.h */,
				B157805F24D01A0600564BCE /* ObjCInspector.m */,
				B157806624D01AA900564BCE /* MachO.h */,
				B157806724D01AA900564BCE /* MachO.m */,
			);
			path = ObjCInspector;
			sourceTree = "<group>";
		};
/* End PBXGroup section */

/* Begin PBXHeadersBuildPhase section */
		B157805624D01A0600564BCE /* Headers */ = {
			isa = PBXHeadersBuildPhase;
			buildActionMask = 2147483647;
			files = (
				B157805E24D01A0600564BCE /* ObjCInspector.h in Headers */,
				B1B5853124D0AD1C00FDA462 /* KZRMethodSwizzlingWithBlock.h in Headers */,
				B157806824D01AA900564BCE /* MachO.h in Headers */,
			);
			runOnlyForDeploymentPostprocessing = 0;
		};
/* End PBXHeadersBuildPhase section */

/* Begin PBXNativeTarget section */
		B157805924D01A0600564BCE /* ObjCInspector */ = {
			isa = PBXNativeTarget;
			buildConfigurationList = B157806324D01A0600564BCE /* Build configuration list for PBXNativeTarget "ObjCInspector" */;
			buildPhases = (
				B157805624D01A0600564BCE /* Headers */,
				B157805724D01A0600564BCE /* Sources */,
				B157805824D01A0600564BCE /* Frameworks */,
			);
			buildRules = (
			);
			dependencies = (
			);
			name = ObjCInspector;
			productName = ObjCInspector;
			productReference = B157805A24D01A0600564BCE /* libObjCInspector.dylib */;
			productType = "com.apple.product-type.library.dynamic";
		};
/* End PBXNativeTarget section */

/* Begin PBXProject section */
		B157805224D01A0600564BCE /* Project object */ = {
			isa = PBXProject;
			attributes = {
				LastUpgradeCheck = 1150;
				ORGANIZATIONNAME = "Bradley Barrows";
				TargetAttributes = {
					B157805924D01A0600564BCE = {
						CreatedOnToolsVersion = 11.5;
					};
				};
			};
			buildConfigurationList = B157805524D01A0600564BCE /* Build configuration list for PBXProject "ObjCInspector" */;
			compatibilityVersion = "Xcode 9.3";
			developmentRegion = en;
			hasScannedForEncodings = 0;
			knownRegions = (
				en,
				Base,
			);
			mainGroup = B157805124D01A0600564BCE;
			productRefGroup = B157805B24D01A0600564BCE /* Products */;
			projectDirPath = "";
			projectRoot = "";
			targets = (
				B157805924D01A0600564BCE /* ObjCInspector */,
			);
		};
/* End PBXProject section */

/* Begin PBXSourcesBuildPhase section */
		B157805724D01A0600564BCE /* Sources */ = {
			isa = PBXSourcesBuildPhase;
			buildActionMask = 2147483647;
			files = (
				B157806924D01AA900564BCE /* MachO.m in Sources */,
				B157806024D01A0600564BCE /* ObjCInspector.m in Sources */,
			);
			runOnlyForDeploymentPostprocessing = 0;
		};
/* End PBXSourcesBuildPhase section */

/* Begin XCBuildConfiguration section */
		B157806124D01A0600564BCE /* Debug */ = {
			isa = XCBuildConfiguration;
			buildSettings = {
				ALWAYS_SEARCH_USER_PATHS = NO;
				CLANG_ANALYZER_NONNULL = YES;
				CLANG_ANALYZER_NUMBER_OBJECT_CONVERSION = YES_AGGRESSIVE;
				CLANG_CXX_LANGUAGE_STANDARD = "gnu++14";
				CLANG_CXX_LIBRARY = "libc++";
				CLANG_ENABLE_MODULES = YES;
				CLANG_ENABLE_OBJC_ARC = YES;
				CLANG_ENABLE_OBJC_WEAK = YES;
				CLANG_WARN_BLOCK_CAPTURE_AUTORELEASING = YES;
				CLANG_WARN_BOOL_CONVERSION = YES;
				CLANG_WARN_COMMA = YES;
				CLANG_WARN_CONSTANT_CONVERSION = YES;
				CLANG_WARN_DEPRECATED_OBJC_IMPLEMENTATIONS = YES;
				CLANG_WARN_DIRECT_OBJC_ISA_USAGE = YES_ERROR;
				CLANG_WARN_DOCUMENTATION_COMMENTS = YES;
				CLANG_WARN_EMPTY_BODY = YES;
				CLANG_WARN_ENUM_CONVERSION = YES;
				CLANG_WARN_INFINITE_RECURSION = YES;
				CLANG_WARN_INT_CONVERSION = YES;
				CLANG_WARN_NON_LITERAL_NULL_CONVERSION = YES;
				CLANG_WARN_OBJC_IMPLICIT_RETAIN_SELF = YES;
				CLANG_WARN_OBJC_LITERAL_CONVERSION = YES;
				CLANG_WARN_OBJC_ROOT_CLASS = YES_ERROR;
				CLANG_WARN_RANGE_LOOP_ANALYSIS = YES;
				CLANG_WARN_STRICT_PROTOTYPES = YES;
				CLANG_WARN_SUSPICIOUS_MOVE = YES;
				CLANG_WARN_UNGUARDED_AVAILABILITY = YES_AGGRESSIVE;
				CLANG_WARN_UNREACHABLE_CODE = YES;
				CLANG_WARN__DUPLICATE_METHOD_MATCH = YES;
				COPY_PHASE_STRIP = NO;
				DEBUG_INFORMATION_FORMAT = dwarf;
				ENABLE_STRICT_OBJC_MSGSEND = YES;
				ENABLE_TESTABILITY = YES;
				GCC_C_LANGUAGE_STANDARD = gnu11;
				GCC_DYNAMIC_NO_PIC = NO;
				GCC_NO_COMMON_BLOCKS = YES;
				GCC_OPTIMIZATION_LEVEL = 0;
				GCC_PREPROCESSOR_DEFINITIONS = (
					"DEBUG=1",
					"$(inherited)",
				);
				GCC_WARN_64_TO_32_BIT_CONVERSION = YES;
				GCC_WARN_ABOUT_RETURN_TYPE = YES_ERROR;
				GCC_WARN_UNDECLARED_SELECTOR = YES;
				GCC_WARN_UNINITIALIZED_AUTOS = YES_AGGRESSIVE;
				GCC_WARN_UNUSED_FUNCTION = YES;
				GCC_WARN_UNUSED_VARIABLE = YES;
				MACOSX_DEPLOYMENT_TARGET = 10.15;
				MTL_ENABLE_DEBUG_INFO = INCLUDE_SOURCE;
				MTL_FAST_MATH = YES;
				ONLY_ACTIVE_ARCH = YES;
				SDKROOT = macosx;
			};
			name = Debug;
		};
		B157806224D01A0600564BCE /* Release */ = {
			isa = XCBuildConfiguration;
			buildSettings = {
				ALWAYS_SEARCH_USER_PATHS = NO;
				CLANG_ANALYZER_NONNULL = YES;
				CLANG_ANALYZER_NUMBER_OBJECT_CONVERSION = YES_AGGRESSIVE;
				CLANG_CXX_LANGUAGE_STANDARD = "gnu++14";
				CLANG_CXX_LIBRARY = "libc++";
				CLANG_ENABLE_MODULES = YES;
				CLANG_ENABLE_OBJC_ARC = YES;
				CLANG_ENABLE_OBJC_WEAK = YES;
				CLANG_WARN_BLOCK_CAPTURE_AUTORELEASING = YES;
				CLANG_WARN_BOOL_CONVERSION = YES;
				CLANG_WARN_COMMA = YES;
				CLANG_WARN_CONSTANT_CONVERSION = YES;
				CLANG_WARN_DEPRECATED_OBJC_IMPLEMENTATIONS = YES;
				CLANG_WARN_DIRECT_OBJC_ISA_USAGE = YES_ERROR;
				CLANG_WARN_DOCUMENTATION_COMMENTS = YES;
				CLANG_WARN_EMPTY_BODY = YES;
				CLANG_WARN_ENUM_CONVERSION = YES;
				CLANG_WARN_INFINITE_RECURSION = YES;
				CLANG_WARN_INT_CONVERSION = YES;
				CLANG_WARN_NON_LITERAL_NULL_CONVERSION = YES;
				CLANG_WARN_OBJC_IMPLICIT_RETAIN_SELF = YES;
				CLANG_WARN_OBJC_LITERAL_CONVERSION = YES;
				CLANG_WARN_OBJC_ROOT_CLASS = YES_ERROR;
				CLANG_WARN_RANGE_LOOP_ANALYSIS = YES;
				CLANG_WARN_STRICT_PROTOTYPES = YES;
				CLANG_WARN_SUSPICIOUS_MOVE = YES;
				CLANG_WARN_UNGUARDED_AVAILABILITY = YES_AGGRESSIVE;
				CLANG_WARN_UNREACHABLE_CODE = YES;
				CLANG_WARN__DUPLICATE_METHOD_MATCH = YES;
				COPY_PHASE_STRIP = NO;
				DEBUG_INFORMATION_FORMAT = "dwarf-with-dsym";
				ENABLE_NS_ASSERTIONS = NO;
				ENABLE_STRICT_OBJC_MSGSEND = YES;
				GCC_C_LANGUAGE_STANDARD = gnu11;
				GCC_NO_COMMON_BLOCKS = YES;
				GCC_WARN_64_TO_32_BIT_CONVERSION = YES;
				GCC_WARN_ABOUT_RETURN_TYPE = YES_ERROR;
				GCC_WARN_UNDECLARED_SELECTOR = YES;
				GCC_WARN_UNINITIALIZED_AUTOS = YES_AGGRESSIVE;
				GCC_WARN_UNUSED_FUNCTION = YES;
				GCC_WARN_UNUSED_VARIABLE = YES;
				MACOSX_DEPLOYMENT_TARGET = 10.15;
				MTL_ENABLE_DEBUG_INFO = NO;
				MTL_FAST_MATH = YES;
				SDKROOT = macosx;
			};
			name = Release;
		};
		B157806424D01A0600564BCE /* Debug */ = {
			isa = XCBuildConfiguration;
			buildSettings = {
				CODE_SIGN_STYLE = Automatic;
				DEVELOPMENT_TEAM = J224A9FKGZ;
				DYLIB_COMPATIBILITY_VERSION = 1;
				DYLIB_CURRENT_VERSION = 1;
				EXECUTABLE_PREFIX = lib;
				PRODUCT_NAME = "$(TARGET_NAME)";
				SKIP_INSTALL = YES;
			};
			name = Debug;
		};
		B157806524D01A0600564BCE /* Release */ = {
			isa = XCBuildConfiguration;
			buildSettings = {
				CODE_SIGN_STYLE = Automatic;
				DEVELOPMENT_TEAM = J224A9FKGZ;
				DYLIB_COMPATIBILITY_VERSION = 1;
				DYLIB_CURRENT_VERSION = 1;
				EXECUTABLE_PREFIX = lib;
				PRODUCT_NAME = "$(TARGET_NAME)";
				SKIP_INSTALL = YES;
			};
			name = Release;
		};
/* End XCBuildConfiguration section */

/* Begin XCConfigurationList section */
		B157805524D01A0600564BCE /* Build configuration list for PBXProject "ObjCInspector" */ = {
			isa = XCConfigurationList;
			buildConfigurations = (
				B157806124D01A0600564BCE /* Debug */,
				B157806224D01A0600564BCE /* Release */,
			);
			defaultConfigurationIsVisible = 0;
			defaultConfigurationName = Release;
		};
		B157806324D01A0600564BCE /* Build configuration list for PBXNativeTarget "ObjCInspector" */ = {
			isa = XCConfigurationList;
			buildConfigurations = (
				B157806424D01A0600564BCE /* Debug */,
				B157806524D01A0600564BCE /* Release */,
			);
			defaultConfigurationIsVisible = 0;
			defaultConfigurationName = Release;
		};
/* End XCConfigurationList section */
	};
	rootObject = B157805224D01A0600564BCE /* Project object */;
}
